// !$*UTF8*$!
{
	archiveVersion = 1;
	classes = {
	};
	objectVersion = 46;
	objects = {

/* Begin PBXBuildFile section */
		297A104C1362C3F6002D0F5C /* SKBEngine_PopoverScrollImageViewController.m in Sources */ = {isa = PBXBuildFile; fileRef = 297A104B1362C3F6002D0F5C /* SKBEngine_PopoverScrollImageViewController.m */; };
		29F90D2A136298DA00544C1A /* UIKit.framework in Frameworks */ = {isa = PBXBuildFile; fileRef = 29F90D29136298DA00544C1A /* UIKit.framework */; };
		29F90D2C136298DA00544C1A /* Foundation.framework in Frameworks */ = {isa = PBXBuildFile; fileRef = 29F90D2B136298DA00544C1A /* Foundation.framework */; };
		29F90D2E136298DA00544C1A /* CoreGraphics.framework in Frameworks */ = {isa = PBXBuildFile; fileRef = 29F90D2D136298DA00544C1A /* CoreGraphics.framework */; };
		29F90D34136298DA00544C1A /* InfoPlist.strings in Resources */ = {isa = PBXBuildFile; fileRef = 29F90D32136298DA00544C1A /* InfoPlist.strings */; };
		29F90D37136298DA00544C1A /* main.m in Sources */ = {isa = PBXBuildFile; fileRef = 29F90D36136298DA00544C1A /* main.m */; };
		29F90D3A136298DA00544C1A /* SKBEngineAppDelegate.m in Sources */ = {isa = PBXBuildFile; fileRef = 29F90D39136298DA00544C1A /* SKBEngineAppDelegate.m */; };
		29F90D3D136298DA00544C1A /* MainWindow.xib in Resources */ = {isa = PBXBuildFile; fileRef = 29F90D3B136298DA00544C1A /* MainWindow.xib */; };
		29F90D40136298DA00544C1A /* SKBE_MainViewController.m in Sources */ = {isa = PBXBuildFile; fileRef = 29F90D3F136298DA00544C1A /* SKBE_MainViewController.m */; };
		29F90D43136298DA00544C1A /* SKBEngineViewController.xib in Resources */ = {isa = PBXBuildFile; fileRef = 29F90D41136298DA00544C1A /* SKBEngineViewController.xib */; };
/* End PBXBuildFile section */

/* Begin PBXFileReference section */
		297A104A1362C3F6002D0F5C /* SKBEngine_PopoverScrollImageViewController.h */ = {isa = PBXFileReference; fileEncoding = 4; lastKnownFileType = sourcecode.c.h; path = SKBEngine_PopoverScrollImageViewController.h; sourceTree = "<group>"; };
		297A104B1362C3F6002D0F5C /* SKBEngine_PopoverScrollImageViewController.m */ = {isa = PBXFileReference; fileEncoding = 4; lastKnownFileType = sourcecode.c.objc; path = SKBEngine_PopoverScrollImageViewController.m; sourceTree = "<group>"; };
		29F90D25136298DA00544C1A /* SKBEngine.app */ = {isa = PBXFileReference; explicitFileType = wrapper.application; includeInIndex = 0; path = SKBEngine.app; sourceTree = BUILT_PRODUCTS_DIR; };
		29F90D29136298DA00544C1A /* UIKit.framework */ = {isa = PBXFileReference; lastKnownFileType = wrapper.framework; name = UIKit.framework; path = System/Library/Frameworks/UIKit.framework; sourceTree = SDKROOT; };
		29F90D2B136298DA00544C1A /* Foundation.framework */ = {isa = PBXFileReference; lastKnownFileType = wrapper.framework; name = Foundation.framework; path = System/Library/Frameworks/Foundation.framework; sourceTree = SDKROOT; };
		29F90D2D136298DA00544C1A /* CoreGraphics.framework */ = {isa = PBXFileReference; lastKnownFileType = wrapper.framework; name = CoreGraphics.framework; path = System/Library/Frameworks/CoreGraphics.framework; sourceTree = SDKROOT; };
		29F90D31136298DA00544C1A /* SKBEngine-Info.plist */ = {isa = PBXFileReference; lastKnownFileType = text.plist.xml; path = "SKBEngine-Info.plist"; sourceTree = "<group>"; };
		29F90D33136298DA00544C1A /* en */ = {isa = PBXFileReference; lastKnownFileType = text.plist.strings; name = en; path = en.lproj/InfoPlist.strings; sourceTree = "<group>"; };
		29F90D35136298DA00544C1A /* SKBEngine-Prefix.pch */ = {isa = PBXFileReference; lastKnownFileType = sourcecode.c.h; path = "SKBEngine-Prefix.pch"; sourceTree = "<group>"; };
		29F90D36136298DA00544C1A /* main.m */ = {isa = PBXFileReference; lastKnownFileType = sourcecode.c.objc; path = main.m; sourceTree = "<group>"; };
		29F90D38136298DA00544C1A /* SKBEngineAppDelegate.h */ = {isa = PBXFileReference; lastKnownFileType = sourcecode.c.h; path = SKBEngineAppDelegate.h; sourceTree = "<group>"; };
		29F90D39136298DA00544C1A /* SKBEngineAppDelegate.m */ = {isa = PBXFileReference; lastKnownFileType = sourcecode.c.objc; path = SKBEngineAppDelegate.m; sourceTree = "<group>"; };
		29F90D3C136298DA00544C1A /* en */ = {isa = PBXFileReference; lastKnownFileType = file.xib; name = en; path = en.lproj/MainWindow.xib; sourceTree = "<group>"; };
		29F90D3E136298DA00544C1A /* SKBE_MainViewController.h */ = {isa = PBXFileReference; path = SKBE_MainViewController.h; sourceTree = "<group>"; };
		29F90D3F136298DA00544C1A /* SKBE_MainViewController.m */ = {isa = PBXFileReference; lastKnownFileType = sourcecode.c.objc; path = SKBE_MainViewController.m; sourceTree = "<group>"; };
		29F90D42136298DA00544C1A /* en */ = {isa = PBXFileReference; lastKnownFileType = file.xib; name = en; path = en.lproj/SKBEngineViewController.xib; sourceTree = "<group>"; };
/* End PBXFileReference section */

/* Begin PBXFrameworksBuildPhase section */
		29F90D22136298DA00544C1A /* Frameworks */ = {
			isa = PBXFrameworksBuildPhase;
			buildActionMask = 2147483647;
			files = (
				29F90D2A136298DA00544C1A /* UIKit.framework in Frameworks */,
				29F90D2C136298DA00544C1A /* Foundation.framework in Frameworks */,
				29F90D2E136298DA00544C1A /* CoreGraphics.framework in Frameworks */,
			);
			runOnlyForDeploymentPostprocessing = 0;
		};
/* End PBXFrameworksBuildPhase section */

/* Begin PBXGroup section */
		29F90D1A136298D900544C1A = {
			isa = PBXGroup;
			children = (
				29F90D2F136298DA00544C1A /* SKBEngine */,
				29F90D28136298DA00544C1A /* Frameworks */,
				29F90D26136298DA00544C1A /* Products */,
			);
			sourceTree = "<group>";
		};
		29F90D26136298DA00544C1A /* Products */ = {
			isa = PBXGroup;
			children = (
				29F90D25136298DA00544C1A /* SKBEngine.app */,
			);
			name = Products;
			sourceTree = "<group>";
		};
		29F90D28136298DA00544C1A /* Frameworks */ = {
			isa = PBXGroup;
			children = (
				29F90D29136298DA00544C1A /* UIKit.framework */,
				29F90D2B136298DA00544C1A /* Foundation.framework */,
				29F90D2D136298DA00544C1A /* CoreGraphics.framework */,
			);
			name = Frameworks;
			sourceTree = "<group>";
		};
		29F90D2F136298DA00544C1A /* SKBEngine */ = {
			isa = PBXGroup;
			children = (
				29F90D38136298DA00544C1A /* SKBEngineAppDelegate.h */,
				29F90D39136298DA00544C1A /* SKBEngineAppDelegate.m */,
				29F90D3B136298DA00544C1A /* MainWindow.xib */,
				29F90D3E136298DA00544C1A /* SKBE_MainViewController.h */,
				29F90D3F136298DA00544C1A /* SKBE_MainViewController.m */,
				29F90D41136298DA00544C1A /* SKBEngineViewController.xib */,
				29F90D30136298DA00544C1A /* Supporting Files */,
				297A104A1362C3F6002D0F5C /* SKBEngine_PopoverScrollImageViewController.h */,
				297A104B1362C3F6002D0F5C /* SKBEngine_PopoverScrollImageViewController.m */,
			);
			path = SKBEngine;
			sourceTree = "<group>";
		};
		29F90D30136298DA00544C1A /* Supporting Files */ = {
			isa = PBXGroup;
			children = (
				29F90D31136298DA00544C1A /* SKBEngine-Info.plist */,
				29F90D32136298DA00544C1A /* InfoPlist.strings */,
				29F90D35136298DA00544C1A /* SKBEngine-Prefix.pch */,
				29F90D36136298DA00544C1A /* main.m */,
			);
			name = "Supporting Files";
			sourceTree = "<group>";
		};
/* End PBXGroup section */

/* Begin PBXNativeTarget section */
		29F90D24136298DA00544C1A /* SKBEngine */ = {
			isa = PBXNativeTarget;
			buildConfigurationList = 29F90D46136298DA00544C1A /* Build configuration list for PBXNativeTarget "SKBEngine" */;
			buildPhases = (
				29F90D21136298DA00544C1A /* Sources */,
				29F90D22136298DA00544C1A /* Frameworks */,
				29F90D23136298DA00544C1A /* Resources */,
			);
			buildRules = (
			);
			dependencies = (
			);
			name = SKBEngine;
			productName = SKBEngine;
			productReference = 29F90D25136298DA00544C1A /* SKBEngine.app */;
			productType = "com.apple.product-type.application";
		};
/* End PBXNativeTarget section */

/* Begin PBXProject section */
		29F90D1C136298D900544C1A /* Project object */ = {
			isa = PBXProject;
			buildConfigurationList = 29F90D1F136298DA00544C1A /* Build configuration list for PBXProject "SKBEngine" */;
			compatibilityVersion = "Xcode 3.2";
			developmentRegion = English;
			hasScannedForEncodings = 0;
			knownRegions = (
				en,
			);
			mainGroup = 29F90D1A136298D900544C1A;
			productRefGroup = 29F90D26136298DA00544C1A /* Products */;
			projectDirPath = "";
			projectRoot = "";
			targets = (
				29F90D24136298DA00544C1A /* SKBEngine */,
			);
		};
/* End PBXProject section */

/* Begin PBXResourcesBuildPhase section */
		29F90D23136298DA00544C1A /* Resources */ = {
			isa = PBXResourcesBuildPhase;
			buildActionMask = 2147483647;
			files = (
				29F90D34136298DA00544C1A /* InfoPlist.strings in Resources */,
				29F90D3D136298DA00544C1A /* MainWindow.xib in Resources */,
				29F90D43136298DA00544C1A /* SKBEngineViewController.xib in Resources */,
			);
			runOnlyForDeploymentPostprocessing = 0;
		};
/* End PBXResourcesBuildPhase section */

/* Begin PBXSourcesBuildPhase section */
		29F90D21136298DA00544C1A /* Sources */ = {
			isa = PBXSourcesBuildPhase;
			buildActionMask = 2147483647;
			files = (
				29F90D37136298DA00544C1A /* main.m in Sources */,
				29F90D3A136298DA00544C1A /* SKBEngineAppDelegate.m in Sources */,
				29F90D40136298DA00544C1A /* SKBE_MainViewController.m in Sources */,
				297A104C1362C3F6002D0F5C /* SKBEngine_PopoverScrollImageViewController.m in Sources */,
			);
			runOnlyForDeploymentPostprocessing = 0;
		};
/* End PBXSourcesBuildPhase section */

/* Begin PBXVariantGroup section */
		29F90D32136298DA00544C1A /* InfoPlist.strings */ = {
			isa = PBXVariantGroup;
			children = (
				29F90D33136298DA00544C1A /* en */,
			);
			name = InfoPlist.strings;
			sourceTree = "<group>";
		};
		29F90D3B136298DA00544C1A /* MainWindow.xib */ = {
			isa = PBXVariantGroup;
			children = (
				29F90D3C136298DA00544C1A /* en */,
			);
			name = MainWindow.xib;
			sourceTree = "<group>";
		};
		29F90D41136298DA00544C1A /* SKBEngineViewController.xib */ = {
			isa = PBXVariantGroup;
			children = (
				29F90D42136298DA00544C1A /* en */,
			);
			name = SKBEngineViewController.xib;
			sourceTree = "<group>";
		};
/* End PBXVariantGroup section */

/* Begin XCBuildConfiguration section */
		29F90D44136298DA00544C1A /* Debug */ = {
			isa = XCBuildConfiguration;
			buildSettings = {
				ARCHS = "$(ARCHS_STANDARD_32_BIT)";
				"CODE_SIGN_IDENTITY[sdk=iphoneos*]" = "iPhone Developer";
				GCC_C_LANGUAGE_STANDARD = gnu99;
				GCC_OPTIMIZATION_LEVEL = 0;
				GCC_PREPROCESSOR_DEFINITIONS = DEBUG;
				GCC_SYMBOLS_PRIVATE_EXTERN = NO;
				GCC_VERSION = com.apple.compilers.llvmgcc42;
				GCC_WARN_ABOUT_RETURN_TYPE = YES;
				GCC_WARN_UNUSED_VARIABLE = YES;
				IPHONEOS_DEPLOYMENT_TARGET = 4.3;
				SDKROOT = iphoneos;
			};
			name = Debug;
		};
		29F90D45136298DA00544C1A /* Release */ = {
			isa = XCBuildConfiguration;
			buildSettings = {
				ARCHS = "$(ARCHS_STANDARD_32_BIT)";
				"CODE_SIGN_IDENTITY[sdk=iphoneos*]" = "iPhone Developer";
				GCC_C_LANGUAGE_STANDARD = gnu99;
				GCC_VERSION = com.apple.compilers.llvmgcc42;
				GCC_WARN_ABOUT_RETURN_TYPE = YES;
				GCC_WARN_UNUSED_VARIABLE = YES;
				IPHONEOS_DEPLOYMENT_TARGET = 4.3;
				OTHER_CFLAGS = "-DNS_BLOCK_ASSERTIONS=1";
				SDKROOT = iphoneos;
			};
			name = Release;
		};
		29F90D47136298DA00544C1A /* Debug */ = {
			isa = XCBuildConfiguration;
			buildSettings = {
				ALWAYS_SEARCH_USER_PATHS = NO;
				COPY_PHASE_STRIP = NO;
				GCC_DYNAMIC_NO_PIC = NO;
				GCC_PRECOMPILE_PREFIX_HEADER = YES;
				GCC_PREFIX_HEADER = "SKBEngine/SKBEngine-Prefix.pch";
				INFOPLIST_FILE = "SKBEngine/SKBEngine-Info.plist";
				PRODUCT_NAME = "$(TARGET_NAME)";
				WRAPPER_EXTENSION = app;
			};
			name = Debug;
		};
		29F90D48136298DA00544C1A /* Release */ = {
			isa = XCBuildConfiguration;
			buildSettings = {
				ALWAYS_SEARCH_USER_PATHS = NO;
				COPY_PHASE_STRIP = YES;
				GCC_PRECOMPILE_PREFIX_HEADER = YES;
				GCC_PREFIX_HEADER = "SKBEngine/SKBEngine-Prefix.pch";
				INFOPLIST_FILE = "SKBEngine/SKBEngine-Info.plist";
				PRODUCT_NAME = "$(TARGET_NAME)";
				VALIDATE_PRODUCT = YES;
				WRAPPER_EXTENSION = app;
			};
			name = Release;
		};
/* End XCBuildConfiguration section */

/* Begin XCConfigurationList section */
		29F90D1F136298DA00544C1A /* Build configuration list for PBXProject "SKBEngine" */ = {
			isa = XCConfigurationList;
			buildConfigurations = (
				29F90D44136298DA00544C1A /* Debug */,
				29F90D45136298DA00544C1A /* Release */,
			);
			defaultConfigurationIsVisible = 0;
			defaultConfigurationName = Release;
		};
		29F90D46136298DA00544C1A /* Build configuration list for PBXNativeTarget "SKBEngine" */ = {
			isa = XCConfigurationList;
			buildConfigurations = (
				29F90D47136298DA00544C1A /* Debug */,
				29F90D48136298DA00544C1A /* Release */,
			);
			defaultConfigurationIsVisible = 0;
			defaultConfigurationName = Release;
		};
/* End XCConfigurationList section */
	};
	rootObject = 29F90D1C136298D900544C1A /* Project object */;
}
